PODS:
  - Nimble (9.2.1)
  - Quick (4.0.0)
  - Skyly (0.1.0)

DEPENDENCIES:
  - Nimble (~> 9.2.1)
  - Quick (~> 4.0.0)
  - Skyly (from `../`)

SPEC REPOS:
  trunk:
    - Nimble
    - Quick

EXTERNAL SOURCES:
  Skyly:
    :path: "../"

SPEC CHECKSUMS:
  Nimble: e7e615c0335ee4bf5b0d786685451e62746117d5
  Quick: 6473349e43b9271a8d43839d9ba1c442ed1b7ac4
  Skyly: 4a365b3ca1bea55b5c7cf7201722642d413d5a31

PODFILE CHECKSUM: 49ab98cae78aae2ea7d198e7c124fd359ce3d596

COCOAPODS: 1.11.2
